
Microsoft Visual Studio Solution File, Format Version 12.00
# Visual Studio Version 17
VisualStudioVersion = 17.0.31912.275
MinimumVisualStudioVersion = 10.0.40219.1
Project("{8BC9CEB8-8B4A-11D0-8D11-00A0C91BC942}") = "Lab4", "Lab4\Lab4.vcxproj", "{308C183A-351C-40FF-B1D1-300370236A7B}"
EndProject
Global
	GlobalSection(SolutionConfigurationPlatforms) = preSolution
		Debug|x64 = Debug|x64
		Debug|x86 = Debug|x86
		Release|x64 = Release|x64
		Release|x86 = Release|x86
	EndGlobalSection
	GlobalSection(ProjectConfigurationPlatforms) = postSolution
		{308C183A-351C-40FF-B1D1-300370236A7B}.Debug|x64.ActiveCfg = Debug|x64
		{308C183A-351C-40FF-B1D1-300370236A7B}.Debug|x64.Build.0 = Debug|x64
		{308C183A-351C-40FF-B1D1-300370236A7B}.Debug|x86.ActiveCfg = Debug|Win32
		{308C183A-351C-40FF-B1D1-300370236A7B}.Debug|x86.Build.0 = Debug|Win32
		{308C183A-351C-40FF-B1D1-300370236A7B}.Release|x64.ActiveCfg = Release|x64
		{308C183A-351C-40FF-B1D1-300370236A7B}.Release|x64.Build.0 = Release|x64
		{308C183A-351C-40FF-B1D1-300370236A7B}.Release|x86.ActiveCfg = Release|Win32
		{308C183A-351C-40FF-B1D1-300370236A7B}.Release|x86.Build.0 = Release|Win32
	EndGlobalSection
	GlobalSection(SolutionProperties) = preSolution
		HideSolutionNode = FALSE
	EndGlobalSection
	GlobalSection(ExtensibilityGlobals) = postSolution
		SolutionGuid = {81B20EC4-0585-4C64-9B16-C57D6EDF9C44}
	EndGlobalSection
EndGlobal
