
Microsoft Visual Studio Solution File, Format Version 12.00
# Visual Studio Version 16
VisualStudioVersion = 16.0.31205.134
MinimumVisualStudioVersion = 10.0.40219.1
Project("{9A19103F-16F7-4668-BE54-9A1E7A4F7556}") = "lab1_Blaizor.Server", "Server\lab1_Blaizor.Server.csproj", "{55A37CA5-417F-4793-894F-4A076C9B7893}"
EndProject
Project("{9A19103F-16F7-4668-BE54-9A1E7A4F7556}") = "lab1_Blaizor.Client", "Client\lab1_Blaizor.Client.csproj", "{D5D33396-B334-4BC8-84C9-FBE365E4A868}"
EndProject
Project("{9A19103F-16F7-4668-BE54-9A1E7A4F7556}") = "lab1_Blaizor.Shared", "Shared\lab1_Blaizor.Shared.csproj", "{B2312C1D-513F-4C0A-B2C7-004D8BAC2DEF}"
EndProject
Global
	GlobalSection(SolutionConfigurationPlatforms) = preSolution
		Debug|Any CPU = Debug|Any CPU
		Release|Any CPU = Release|Any CPU
	EndGlobalSection
	GlobalSection(ProjectConfigurationPlatforms) = postSolution
		{55A37CA5-417F-4793-894F-4A076C9B7893}.Debug|Any CPU.ActiveCfg = Debug|Any CPU
		{55A37CA5-417F-4793-894F-4A076C9B7893}.Debug|Any CPU.Build.0 = Debug|Any CPU
		{55A37CA5-417F-4793-894F-4A076C9B7893}.Release|Any CPU.ActiveCfg = Release|Any CPU
		{55A37CA5-417F-4793-894F-4A076C9B7893}.Release|Any CPU.Build.0 = Release|Any CPU
		{D5D33396-B334-4BC8-84C9-FBE365E4A868}.Debug|Any CPU.ActiveCfg = Debug|Any CPU
		{D5D33396-B334-4BC8-84C9-FBE365E4A868}.Debug|Any CPU.Build.0 = Debug|Any CPU
		{D5D33396-B334-4BC8-84C9-FBE365E4A868}.Release|Any CPU.ActiveCfg = Release|Any CPU
		{D5D33396-B334-4BC8-84C9-FBE365E4A868}.Release|Any CPU.Build.0 = Release|Any CPU
		{B2312C1D-513F-4C0A-B2C7-004D8BAC2DEF}.Debug|Any CPU.ActiveCfg = Debug|Any CPU
		{B2312C1D-513F-4C0A-B2C7-004D8BAC2DEF}.Debug|Any CPU.Build.0 = Debug|Any CPU
		{B2312C1D-513F-4C0A-B2C7-004D8BAC2DEF}.Release|Any CPU.ActiveCfg = Release|Any CPU
		{B2312C1D-513F-4C0A-B2C7-004D8BAC2DEF}.Release|Any CPU.Build.0 = Release|Any CPU
	EndGlobalSection
	GlobalSection(SolutionProperties) = preSolution
		HideSolutionNode = FALSE
	EndGlobalSection
	GlobalSection(ExtensibilityGlobals) = postSolution
		SolutionGuid = {B4DEBC6C-C701-4BFC-A8F2-E08ED14B0F43}
	EndGlobalSection
EndGlobal
