
Microsoft Visual Studio Solution File, Format Version 12.00
# Visual Studio Version 16
VisualStudioVersion = 16.0.31205.134
MinimumVisualStudioVersion = 10.0.40219.1
Project("{9A19103F-16F7-4668-BE54-9A1E7A4F7556}") = "Lab1", "Lab1.csproj", "{DBD5232B-2015-4EA3-B676-598B6EE1EFC8}"
EndProject
Global
	GlobalSection(SolutionConfigurationPlatforms) = preSolution
		Debug|Any CPU = Debug|Any CPU
		Debug|x64 = Debug|x64
		Debug|x86 = Debug|x86
		Release|Any CPU = Release|Any CPU
		Release|x64 = Release|x64
		Release|x86 = Release|x86
	EndGlobalSection
	GlobalSection(ProjectConfigurationPlatforms) = postSolution
		{DBD5232B-2015-4EA3-B676-598B6EE1EFC8}.Debug|Any CPU.ActiveCfg = Debug|Any CPU
		{DBD5232B-2015-4EA3-B676-598B6EE1EFC8}.Debug|Any CPU.Build.0 = Debug|Any CPU
		{DBD5232B-2015-4EA3-B676-598B6EE1EFC8}.Debug|x64.ActiveCfg = Debug|x64
		{DBD5232B-2015-4EA3-B676-598B6EE1EFC8}.Debug|x64.Build.0 = Debug|x64
		{DBD5232B-2015-4EA3-B676-598B6EE1EFC8}.Debug|x86.ActiveCfg = Debug|x86
		{DBD5232B-2015-4EA3-B676-598B6EE1EFC8}.Debug|x86.Build.0 = Debug|x86
		{DBD5232B-2015-4EA3-B676-598B6EE1EFC8}.Release|Any CPU.ActiveCfg = Release|Any CPU
		{DBD5232B-2015-4EA3-B676-598B6EE1EFC8}.Release|Any CPU.Build.0 = Release|Any CPU
		{DBD5232B-2015-4EA3-B676-598B6EE1EFC8}.Release|x64.ActiveCfg = Release|x64
		{DBD5232B-2015-4EA3-B676-598B6EE1EFC8}.Release|x64.Build.0 = Release|x64
		{DBD5232B-2015-4EA3-B676-598B6EE1EFC8}.Release|x86.ActiveCfg = Release|x86
		{DBD5232B-2015-4EA3-B676-598B6EE1EFC8}.Release|x86.Build.0 = Release|x86
	EndGlobalSection
	GlobalSection(SolutionProperties) = preSolution
		HideSolutionNode = FALSE
	EndGlobalSection
	GlobalSection(ExtensibilityGlobals) = postSolution
		SolutionGuid = {B7D0B184-5582-4B07-8035-091E3D962371}
	EndGlobalSection
EndGlobal
