
Microsoft Visual Studio Solution File, Format Version 12.00
# Visual Studio Version 16
VisualStudioVersion = 16.0.30503.244
MinimumVisualStudioVersion = 10.0.40219.1
Project("{8BC9CEB8-8B4A-11D0-8D11-00A0C91BC942}") = "example1_6", "example1_6.vcxproj", "{A523CD4C-5A10-4E1D-B325-61AADECBBCE8}"
EndProject
Global
	GlobalSection(SolutionConfigurationPlatforms) = preSolution
		Debug|x64 = Debug|x64
		Debug|x86 = Debug|x86
		Release|x64 = Release|x64
		Release|x86 = Release|x86
	EndGlobalSection
	GlobalSection(ProjectConfigurationPlatforms) = postSolution
		{A523CD4C-5A10-4E1D-B325-61AADECBBCE8}.Debug|x64.ActiveCfg = Debug|x64
		{A523CD4C-5A10-4E1D-B325-61AADECBBCE8}.Debug|x64.Build.0 = Debug|x64
		{A523CD4C-5A10-4E1D-B325-61AADECBBCE8}.Debug|x86.ActiveCfg = Debug|Win32
		{A523CD4C-5A10-4E1D-B325-61AADECBBCE8}.Debug|x86.Build.0 = Debug|Win32
		{A523CD4C-5A10-4E1D-B325-61AADECBBCE8}.Release|x64.ActiveCfg = Release|x64
		{A523CD4C-5A10-4E1D-B325-61AADECBBCE8}.Release|x64.Build.0 = Release|x64
		{A523CD4C-5A10-4E1D-B325-61AADECBBCE8}.Release|x86.ActiveCfg = Release|Win32
		{A523CD4C-5A10-4E1D-B325-61AADECBBCE8}.Release|x86.Build.0 = Release|Win32
	EndGlobalSection
	GlobalSection(SolutionProperties) = preSolution
		HideSolutionNode = FALSE
	EndGlobalSection
	GlobalSection(ExtensibilityGlobals) = postSolution
		SolutionGuid = {EBD541CE-457F-47C5-BF20-6130F98227F4}
	EndGlobalSection
EndGlobal
